{
  "nodes": {
    "nixpkgs": {
      "locked": {
        "lastModified": 1666291834,
        "narHash": "sha256-klMuA7nYTrSWDcQ7JGpqx8BF/R4ikdRvV52gFsmboSw=",
        "owner": "NixOS",
        "repo": "nixpkgs",
        "rev": "c9719e7fd69951b9477d012a6d13a20252de0269",
        "type": "github"
      },
      "original": {
        "owner": "NixOS",
        "repo": "nixpkgs",
        "type": "github"
      }
    },
    "root": {
      "inputs": {
        "nixpkgs": "nixpkgs"
      }
    }
  },
  "root": "root",
  "version": 7
}
