{
  "nodes": {
    "nixpkgs": {
      "locked": {
        "lastModified": 1666298114,
        "narHash": "sha256-gi6kiW2d67ZTASxMhow3JUMA8dOocGnZwkWPvWKNtwI=",
        "owner": "NixOS",
        "repo": "nixpkgs",
        "rev": "b4ee59329a20441cdcc7d8e77e7412c4ba8e87dc",
        "type": "github"
      },
      "original": {
        "owner": "NixOS",
        "repo": "nixpkgs",
        "type": "github"
      }
    },
    "root": {
      "inputs": {
        "nixpkgs": "nixpkgs"
      }
    }
  },
  "root": "root",
  "version": 7
}
